
Microsoft Visual Studio Solution File, Format Version 12.00
# Visual Studio 15
Project("{FAE04EC0-301F-11D3-BF4B-00C04F79EFBC}") = "CPMG3.API", "CPMG3.API\CPMG3.API.csproj", "{BD522EFA-D6FF-4AD7-9602-62334C1E415C}"
EndProject
Global
	GlobalSection(SolutionConfigurationPlatforms) = preSolution
		Debug|Any CPU = Debug|Any CPU
		Release|Any CPU = Release|Any CPU
	EndGlobalSection
	GlobalSection(ProjectConfigurationPlatforms) = postSolution
		{BD522EFA-D6FF-4AD7-9602-62334C1E415C}.Debug|Any CPU.ActiveCfg = Debug|Any CPU
		{BD522EFA-D6FF-4AD7-9602-62334C1E415C}.Debug|Any CPU.Build.0 = Debug|Any CPU
		{BD522EFA-D6FF-4AD7-9602-62334C1E415C}.Release|Any CPU.ActiveCfg = Release|Any CPU
		{BD522EFA-D6FF-4AD7-9602-62334C1E415C}.Release|Any CPU.Build.0 = Release|Any CPU
	EndGlobalSection
EndGlobal
